// !$*UTF8*$!
{
	archiveVersion = 1;
	classes = {
	};
	objectVersion = 77;
	objects = {

/* Begin PBXContainerItemProxy section */
		D32ED7082F8B8CB000B6A9BA /* PBXContainerItemProxy */ = {
			isa = PBXContainerItemProxy;
			containerPortal = D32ED6F22F8B8CAF00B6A9BA /* Project object */;
			proxyType = 1;
			remoteGlobalIDString = D32ED6F92F8B8CAF00B6A9BA;
			remoteInfo = Consolation;
		};
		D32ED7122F8B8CB000B6A9BA /* PBXContainerItemProxy */ = {
			isa = PBXContainerItemProxy;
			containerPortal = D32ED6F22F8B8CAF00B6A9BA /* Project object */;
			proxyType = 1;
			remoteGlobalIDString = D32ED6F92F8B8CAF00B6A9BA;
			remoteInfo = Consolation;
		};
/* End PBXContainerItemProxy section */

/* Begin PBXFileReference section */
		D32ED6FA2F8B8CAF00B6A9BA /* Consolation.app */ = {isa = PBXFileReference; explicitFileType = wrapper.application; includeInIndex = 0; path = Consolation.app; sourceTree = BUILT_PRODUCTS_DIR; };
		D32ED7242F8B8CB000B6A9BA /* Consolation/Version.xcconfig */ = {isa = PBXFileReference; lastKnownFileType = text.xcconfig; path = Consolation/Version.xcconfig; sourceTree = SOURCE_ROOT; };
		D32ED7072F8B8CB000B6A9BA /* ConsolationTests.xctest */ = {isa = PBXFileReference; explicitFileType = wrapper.cfbundle; includeInIndex = 0; path = ConsolationTests.xctest; sourceTree = BUILT_PRODUCTS_DIR; };
		D32ED7112F8B8CB000B6A9BA /* ConsolationUITests.xctest */ = {isa = PBXFileReference; explicitFileType = wrapper.cfbundle; includeInIndex = 0; path = ConsolationUITests.xctest; sourceTree = BUILT_PRODUCTS_DIR; };
/* End PBXFileReference section */

/* Begin PBXFileSystemSynchronizedBuildFileExceptionSet section */
		D32ED7252F8B8CB000B6A9BA /* Exceptions for "Consolation" folder in "Consolation" target */ = {
			isa = PBXFileSystemSynchronizedBuildFileExceptionSet;
			membershipExceptions = (
				Version.xcconfig,
			);
			target = D32ED6F92F8B8CAF00B6A9BA /* Consolation */;
		};
/* End PBXFileSystemSynchronizedBuildFileExceptionSet section */

/* Begin PBXFileSystemSynchronizedRootGroup section */
		D32ED6FC2F8B8CAF00B6A9BA /* Consolation */ = {
			isa = PBXFileSystemSynchronizedRootGroup;
			exceptions = (
				D32ED7252F8B8CB000B6A9BA /* Exceptions for "Consolation" folder in "Consolation" target */,
			);
			path = Consolation;
			sourceTree = "<group>";
		};
		D32ED70A2F8B8CB000B6A9BA /* ConsolationTests */ = {
			isa = PBXFileSystemSynchronizedRootGroup;
			path = ConsolationTests;
			sourceTree = "<group>";
		};
		D32ED7142F8B8CB000B6A9BA /* ConsolationUITests */ = {
			isa = PBXFileSystemSynchronizedRootGroup;
			path = ConsolationUITests;
			sourceTree = "<group>";
		};
/* End PBXFileSystemSynchronizedRootGroup section */

/* Begin PBXFrameworksBuildPhase section */
		D32ED6F72F8B8CAF00B6A9BA /* Frameworks */ = {
			isa = PBXFrameworksBuildPhase;
			buildActionMask = 2147483647;
			files = (
			);
			runOnlyForDeploymentPostprocessing = 0;
		};
		D32ED7042F8B8CB000B6A9BA /* Frameworks */ = {
			isa = PBXFrameworksBuildPhase;
			buildActionMask = 2147483647;
			files = (
			);
			runOnlyForDeploymentPostprocessing = 0;
		};
		D32ED70E2F8B8CB000B6A9BA /* Frameworks */ = {
			isa = PBXFrameworksBuildPhase;
			buildActionMask = 2147483647;
			files = (
			);
			runOnlyForDeploymentPostprocessing = 0;
		};
/* End PBXFrameworksBuildPhase section */

/* Begin PBXGroup section */
		D32ED6F12F8B8CAF00B6A9BA = {
			isa = PBXGroup;
			children = (
				D32ED6FC2F8B8CAF00B6A9BA /* Consolation */,
				D32ED70A2F8B8CB000B6A9BA /* ConsolationTests */,
				D32ED7142F8B8CB000B6A9BA /* ConsolationUITests */,
				D32ED6FB2F8B8CAF00B6A9BA /* Products */,
				D32ED7262F8B8CB000B6A9BA /* Recovered References */,
			);
			sourceTree = "<group>";
		};
		D32ED6FB2F8B8CAF00B6A9BA /* Products */ = {
			isa = PBXGroup;
			children = (
				D32ED6FA2F8B8CAF00B6A9BA /* Consolation.app */,
				D32ED7072F8B8CB000B6A9BA /* ConsolationTests.xctest */,
				D32ED7112F8B8CB000B6A9BA /* ConsolationUITests.xctest */,
			);
			name = Products;
			sourceTree = "<group>";
		};
		D32ED7262F8B8CB000B6A9BA /* Recovered References */ = {
			isa = PBXGroup;
			children = (
				D32ED7242F8B8CB000B6A9BA /* Consolation/Version.xcconfig */,
			);
			name = "Recovered References";
			sourceTree = "<group>";
		};
/* End PBXGroup section */

/* Begin PBXNativeTarget section */
		D32ED6F92F8B8CAF00B6A9BA /* Consolation */ = {
			isa = PBXNativeTarget;
			buildConfigurationList = D32ED71B2F8B8CB000B6A9BA /* Build configuration list for PBXNativeTarget "Consolation" */;
			buildPhases = (
				D32ED6F62F8B8CAF00B6A9BA /* Sources */,
				D32ED6F72F8B8CAF00B6A9BA /* Frameworks */,
				D32ED6F82F8B8CAF00B6A9BA /* Resources */,
			);
			buildRules = (
			);
			dependencies = (
			);
			fileSystemSynchronizedGroups = (
				D32ED6FC2F8B8CAF00B6A9BA /* Consolation */,
			);
			name = Consolation;
			packageProductDependencies = (
			);
			productName = Consolation;
			productReference = D32ED6FA2F8B8CAF00B6A9BA /* Consolation.app */;
			productType = "com.apple.product-type.application";
		};
		D32ED7062F8B8CB000B6A9BA /* ConsolationTests */ = {
			isa = PBXNativeTarget;
			buildConfigurationList = D32ED71E2F8B8CB000B6A9BA /* Build configuration list for PBXNativeTarget "ConsolationTests" */;
			buildPhases = (
				D32ED7032F8B8CB000B6A9BA /* Sources */,
				D32ED7042F8B8CB000B6A9BA /* Frameworks */,
				D32ED7052F8B8CB000B6A9BA /* Resources */,
			);
			buildRules = (
			);
			dependencies = (
				D32ED7092F8B8CB000B6A9BA /* PBXTargetDependency */,
			);
			fileSystemSynchronizedGroups = (
				D32ED70A2F8B8CB000B6A9BA /* ConsolationTests */,
			);
			name = ConsolationTests;
			packageProductDependencies = (
			);
			productName = ConsolationTests;
			productReference = D32ED7072F8B8CB000B6A9BA /* ConsolationTests.xctest */;
			productType = "com.apple.product-type.bundle.unit-test";
		};
		D32ED7102F8B8CB000B6A9BA /* ConsolationUITests */ = {
			isa = PBXNativeTarget;
			buildConfigurationList = D32ED7212F8B8CB000B6A9BA /* Build configuration list for PBXNativeTarget "ConsolationUITests" */;
			buildPhases = (
				D32ED70D2F8B8CB000B6A9BA /* Sources */,
				D32ED70E2F8B8CB000B6A9BA /* Frameworks */,
				D32ED70F2F8B8CB000B6A9BA /* Resources */,
			);
			buildRules = (
			);
			dependencies = (
				D32ED7132F8B8CB000B6A9BA /* PBXTargetDependency */,
			);
			fileSystemSynchronizedGroups = (
				D32ED7142F8B8CB000B6A9BA /* ConsolationUITests */,
			);
			name = ConsolationUITests;
			packageProductDependencies = (
			);
			productName = ConsolationUITests;
			productReference = D32ED7112F8B8CB000B6A9BA /* ConsolationUITests.xctest */;
			productType = "com.apple.product-type.bundle.ui-testing";
		};
/* End PBXNativeTarget section */

/* Begin PBXProject section */
		D32ED6F22F8B8CAF00B6A9BA /* Project object */ = {
			isa = PBXProject;
			attributes = {
				BuildIndependentTargetsInParallel = 1;
				LastSwiftUpdateCheck = 2640;
				LastUpgradeCheck = 2640;
				TargetAttributes = {
					D32ED6F92F8B8CAF00B6A9BA = {
						CreatedOnToolsVersion = 26.4;
					};
					D32ED7062F8B8CB000B6A9BA = {
						CreatedOnToolsVersion = 26.4;
						TestTargetID = D32ED6F92F8B8CAF00B6A9BA;
					};
					D32ED7102F8B8CB000B6A9BA = {
						CreatedOnToolsVersion = 26.4;
						TestTargetID = D32ED6F92F8B8CAF00B6A9BA;
					};
				};
			};
			buildConfigurationList = D32ED6F52F8B8CAF00B6A9BA /* Build configuration list for PBXProject "Consolation" */;
			developmentRegion = en;
			hasScannedForEncodings = 0;
			knownRegions = (
				en,
				Base,
			);
			mainGroup = D32ED6F12F8B8CAF00B6A9BA;
			minimizedProjectReferenceProxies = 1;
			preferredProjectObjectVersion = 77;
			productRefGroup = D32ED6FB2F8B8CAF00B6A9BA /* Products */;
			projectDirPath = "";
			projectRoot = "";
			targets = (
				D32ED6F92F8B8CAF00B6A9BA /* Consolation */,
				D32ED7062F8B8CB000B6A9BA /* ConsolationTests */,
				D32ED7102F8B8CB000B6A9BA /* ConsolationUITests */,
			);
		};
/* End PBXProject section */

/* Begin PBXResourcesBuildPhase section */
		D32ED6F82F8B8CAF00B6A9BA /* Resources */ = {
			isa = PBXResourcesBuildPhase;
			buildActionMask = 2147483647;
			files = (
			);
			runOnlyForDeploymentPostprocessing = 0;
		};
		D32ED7052F8B8CB000B6A9BA /* Resources */ = {
			isa = PBXResourcesBuildPhase;
			buildActionMask = 2147483647;
			files = (
			);
			runOnlyForDeploymentPostprocessing = 0;
		};
		D32ED70F2F8B8CB000B6A9BA /* Resources */ = {
			isa = PBXResourcesBuildPhase;
			buildActionMask = 2147483647;
			files = (
			);
			runOnlyForDeploymentPostprocessing = 0;
		};
/* End PBXResourcesBuildPhase section */

/* Begin PBXSourcesBuildPhase section */
		D32ED6F62F8B8CAF00B6A9BA /* Sources */ = {
			isa = PBXSourcesBuildPhase;
			buildActionMask = 2147483647;
			files = (
			);
			runOnlyForDeploymentPostprocessing = 0;
		};
		D32ED7032F8B8CB000B6A9BA /* Sources */ = {
			isa = PBXSourcesBuildPhase;
			buildActionMask = 2147483647;
			files = (
			);
			runOnlyForDeploymentPostprocessing = 0;
		};
		D32ED70D2F8B8CB000B6A9BA /* Sources */ = {
			isa = PBXSourcesBuildPhase;
			buildActionMask = 2147483647;
			files = (
			);
			runOnlyForDeploymentPostprocessing = 0;
		};
/* End PBXSourcesBuildPhase section */

/* Begin PBXTargetDependency section */
		D32ED7092F8B8CB000B6A9BA /* PBXTargetDependency */ = {
			isa = PBXTargetDependency;
			target = D32ED6F92F8B8CAF00B6A9BA /* Consolation */;
			targetProxy = D32ED7082F8B8CB000B6A9BA /* PBXContainerItemProxy */;
		};
		D32ED7132F8B8CB000B6A9BA /* PBXTargetDependency */ = {
			isa = PBXTargetDependency;
			target = D32ED6F92F8B8CAF00B6A9BA /* Consolation */;
			targetProxy = D32ED7122F8B8CB000B6A9BA /* PBXContainerItemProxy */;
		};
/* End PBXTargetDependency section */

/* Begin XCBuildConfiguration section */
		D32ED7192F8B8CB000B6A9BA /* Debug */ = {
			isa = XCBuildConfiguration;
			buildSettings = {
				ALWAYS_SEARCH_USER_PATHS = NO;
				ASSETCATALOG_COMPILER_GENERATE_SWIFT_ASSET_SYMBOL_EXTENSIONS = YES;
				CLANG_ANALYZER_NONNULL = YES;
				CLANG_ANALYZER_NUMBER_OBJECT_CONVERSION = YES_AGGRESSIVE;
				CLANG_CXX_LANGUAGE_STANDARD = "gnu++20";
				CLANG_ENABLE_MODULES = YES;
				CLANG_ENABLE_OBJC_ARC = YES;
				CLANG_ENABLE_OBJC_WEAK = YES;
				CLANG_WARN_BLOCK_CAPTURE_AUTORELEASING = YES;
				CLANG_WARN_BOOL_CONVERSION = YES;
				CLANG_WARN_COMMA = YES;
				CLANG_WARN_CONSTANT_CONVERSION = YES;
				CLANG_WARN_DEPRECATED_OBJC_IMPLEMENTATIONS = YES;
				CLANG_WARN_DIRECT_OBJC_ISA_USAGE = YES_ERROR;
				CLANG_WARN_DOCUMENTATION_COMMENTS = YES;
				CLANG_WARN_EMPTY_BODY = YES;
				CLANG_WARN_ENUM_CONVERSION = YES;
				CLANG_WARN_INFINITE_RECURSION = YES;
				CLANG_WARN_INT_CONVERSION = YES;
				CLANG_WARN_NON_LITERAL_NULL_CONVERSION = YES;
				CLANG_WARN_OBJC_IMPLICIT_RETAIN_SELF = YES;
				CLANG_WARN_OBJC_LITERAL_CONVERSION = YES;
				CLANG_WARN_OBJC_ROOT_CLASS = YES_ERROR;
				CLANG_WARN_QUOTED_INCLUDE_IN_FRAMEWORK_HEADER = YES;
				CLANG_WARN_RANGE_LOOP_ANALYSIS = YES;
				CLANG_WARN_STRICT_PROTOTYPES = YES;
				CLANG_WARN_SUSPICIOUS_MOVE = YES;
				CLANG_WARN_UNGUARDED_AVAILABILITY = YES_AGGRESSIVE;
				CLANG_WARN_UNREACHABLE_CODE = YES;
				CLANG_WARN__DUPLICATE_METHOD_MATCH = YES;
				COPY_PHASE_STRIP = NO;
				DEBUG_INFORMATION_FORMAT = dwarf;
				DEVELOPMENT_TEAM = 86G4NP75W9;
				ENABLE_STRICT_OBJC_MSGSEND = YES;
				ENABLE_TESTABILITY = YES;
				ENABLE_USER_SCRIPT_SANDBOXING = YES;
				GCC_C_LANGUAGE_STANDARD = gnu17;
				GCC_DYNAMIC_NO_PIC = NO;
				GCC_NO_COMMON_BLOCKS = YES;
				GCC_OPTIMIZATION_LEVEL = 0;
				GCC_PREPROCESSOR_DEFINITIONS = (
					"DEBUG=1",
					"$(inherited)",
				);
				GCC_WARN_64_TO_32_BIT_CONVERSION = YES;
				GCC_WARN_ABOUT_RETURN_TYPE = YES_ERROR;
				GCC_WARN_UNDECLARED_SELECTOR = YES;
				GCC_WARN_UNINITIALIZED_AUTOS = YES_AGGRESSIVE;
				GCC_WARN_UNUSED_FUNCTION = YES;
				GCC_WARN_UNUSED_VARIABLE = YES;
				LOCALIZATION_PREFERS_STRING_CATALOGS = YES;
				MTL_ENABLE_DEBUG_INFO = INCLUDE_SOURCE;
				MTL_FAST_MATH = YES;
				ONLY_ACTIVE_ARCH = YES;
				SWIFT_ACTIVE_COMPILATION_CONDITIONS = "DEBUG $(inherited)";
				SWIFT_OPTIMIZATION_LEVEL = "-Onone";
			};
			name = Debug;
		};
		D32ED71A2F8B8CB000B6A9BA /* Release */ = {
			isa = XCBuildConfiguration;
			buildSettings = {
				ALWAYS_SEARCH_USER_PATHS = NO;
				ASSETCATALOG_COMPILER_GENERATE_SWIFT_ASSET_SYMBOL_EXTENSIONS = YES;
				CLANG_ANALYZER_NONNULL = YES;
				CLANG_ANALYZER_NUMBER_OBJECT_CONVERSION = YES_AGGRESSIVE;
				CLANG_CXX_LANGUAGE_STANDARD = "gnu++20";
				CLANG_ENABLE_MODULES = YES;
				CLANG_ENABLE_OBJC_ARC = YES;
				CLANG_ENABLE_OBJC_WEAK = YES;
				CLANG_WARN_BLOCK_CAPTURE_AUTORELEASING = YES;
				CLANG_WARN_BOOL_CONVERSION = YES;
				CLANG_WARN_COMMA = YES;
				CLANG_WARN_CONSTANT_CONVERSION = YES;
				CLANG_WARN_DEPRECATED_OBJC_IMPLEMENTATIONS = YES;
				CLANG_WARN_DIRECT_OBJC_ISA_USAGE = YES_ERROR;
				CLANG_WARN_DOCUMENTATION_COMMENTS = YES;
				CLANG_WARN_EMPTY_BODY = YES;
				CLANG_WARN_ENUM_CONVERSION = YES;
				CLANG_WARN_INFINITE_RECURSION = YES;
				CLANG_WARN_INT_CONVERSION = YES;
				CLANG_WARN_NON_LITERAL_NULL_CONVERSION = YES;
				CLANG_WARN_OBJC_IMPLICIT_RETAIN_SELF = YES;
				CLANG_WARN_OBJC_LITERAL_CONVERSION = YES;
				CLANG_WARN_OBJC_ROOT_CLASS = YES_ERROR;
				CLANG_WARN_QUOTED_INCLUDE_IN_FRAMEWORK_HEADER = YES;
				CLANG_WARN_RANGE_LOOP_ANALYSIS = YES;
				CLANG_WARN_STRICT_PROTOTYPES = YES;
				CLANG_WARN_SUSPICIOUS_MOVE = YES;
				CLANG_WARN_UNGUARDED_AVAILABILITY = YES_AGGRESSIVE;
				CLANG_WARN_UNREACHABLE_CODE = YES;
				CLANG_WARN__DUPLICATE_METHOD_MATCH = YES;
				COPY_PHASE_STRIP = NO;
				DEBUG_INFORMATION_FORMAT = "dwarf-with-dsym";
				DEVELOPMENT_TEAM = 86G4NP75W9;
				ENABLE_NS_ASSERTIONS = NO;
				ENABLE_STRICT_OBJC_MSGSEND = YES;
				ENABLE_USER_SCRIPT_SANDBOXING = YES;
				GCC_C_LANGUAGE_STANDARD = gnu17;
				GCC_NO_COMMON_BLOCKS = YES;
				GCC_WARN_64_TO_32_BIT_CONVERSION = YES;
				GCC_WARN_ABOUT_RETURN_TYPE = YES_ERROR;
				GCC_WARN_UNDECLARED_SELECTOR = YES;
				GCC_WARN_UNINITIALIZED_AUTOS = YES_AGGRESSIVE;
				GCC_WARN_UNUSED_FUNCTION = YES;
				GCC_WARN_UNUSED_VARIABLE = YES;
				LOCALIZATION_PREFERS_STRING_CATALOGS = YES;
				MTL_ENABLE_DEBUG_INFO = NO;
				MTL_FAST_MATH = YES;
				SWIFT_COMPILATION_MODE = wholemodule;
			};
			name = Release;
		};
		D32ED71C2F8B8CB000B6A9BA /* Debug */ = {
			isa = XCBuildConfiguration;
			baseConfigurationReference = D32ED7242F8B8CB000B6A9BA /* Consolation/Version.xcconfig */;
			buildSettings = {
				ASSETCATALOG_COMPILER_APPICON_NAME = AppIcon;
				ASSETCATALOG_COMPILER_GLOBAL_ACCENT_COLOR_NAME = AccentColor;
				CODE_SIGN_STYLE = Automatic;
				DEVELOPMENT_TEAM = 86G4NP75W9;
				ENABLE_APP_SANDBOX = YES;
				ENABLE_HARDENED_RUNTIME = YES;
				ENABLE_INCOMING_NETWORK_CONNECTIONS = NO;
				ENABLE_OUTGOING_NETWORK_CONNECTIONS = NO;
				ENABLE_PREVIEWS = YES;
				ENABLE_RESOURCE_ACCESS_AUDIO_INPUT = YES;
				ENABLE_RESOURCE_ACCESS_BLUETOOTH = NO;
				ENABLE_RESOURCE_ACCESS_CALENDARS = NO;
				ENABLE_RESOURCE_ACCESS_CAMERA = YES;
				ENABLE_RESOURCE_ACCESS_CONTACTS = NO;
				ENABLE_RESOURCE_ACCESS_LOCATION = NO;
				ENABLE_RESOURCE_ACCESS_PRINTING = NO;
				ENABLE_RESOURCE_ACCESS_USB = NO;
				ENABLE_USER_SELECTED_FILES = readonly;
				GENERATE_INFOPLIST_FILE = YES;
				INFOPLIST_KEY_NSCameraUsageDescription = "Consolation needs camera access to show the live video feed from a connected capture device.";
				INFOPLIST_KEY_NSMicrophoneUsageDescription = "Consolation needs microphone access to play live audio from a connected capture device.";
				"INFOPLIST_KEY_UIApplicationSceneManifest_Generation[sdk=iphoneos*]" = YES;
				"INFOPLIST_KEY_UIApplicationSceneManifest_Generation[sdk=iphonesimulator*]" = YES;
				"INFOPLIST_KEY_UIApplicationSupportsIndirectInputEvents[sdk=iphoneos*]" = YES;
				"INFOPLIST_KEY_UIApplicationSupportsIndirectInputEvents[sdk=iphonesimulator*]" = YES;
				"INFOPLIST_KEY_UIApplicationSupportsMultipleScenes[sdk=iphoneos*]" = NO;
				"INFOPLIST_KEY_UIApplicationSupportsMultipleScenes[sdk=iphonesimulator*]" = NO;
				"INFOPLIST_KEY_UILaunchScreen_Generation[sdk=iphoneos*]" = YES;
				"INFOPLIST_KEY_UILaunchScreen_Generation[sdk=iphonesimulator*]" = YES;
				"INFOPLIST_KEY_UIStatusBarStyle[sdk=iphoneos*]" = UIStatusBarStyleDefault;
				"INFOPLIST_KEY_UIStatusBarStyle[sdk=iphonesimulator*]" = UIStatusBarStyleDefault;
				INFOPLIST_KEY_UISupportedInterfaceOrientations_iPad = "UIInterfaceOrientationPortrait UIInterfaceOrientationPortraitUpsideDown UIInterfaceOrientationLandscapeLeft UIInterfaceOrientationLandscapeRight";
				INFOPLIST_KEY_UISupportedInterfaceOrientations_iPhone = "UIInterfaceOrientationPortrait UIInterfaceOrientationLandscapeLeft UIInterfaceOrientationLandscapeRight";
				"INFOPLIST_KEY_UIDeviceFamily[sdk=iphoneos*]" = 2;
				"INFOPLIST_KEY_UIDeviceFamily[sdk=iphonesimulator*]" = 2;
				IPHONEOS_DEPLOYMENT_TARGET = 26.4;
				LD_RUNPATH_SEARCH_PATHS = "@executable_path/Frameworks";
				"LD_RUNPATH_SEARCH_PATHS[sdk=macosx*]" = "@executable_path/../Frameworks";
				MACOSX_DEPLOYMENT_TARGET = 26.4;
				PRODUCT_BUNDLE_IDENTIFIER = org.centennialoss.consolation;
				PRODUCT_NAME = "$(TARGET_NAME)";
				REGISTER_APP_GROUPS = YES;
				SDKROOT = auto;
				STRING_CATALOG_GENERATE_SYMBOLS = YES;
				SUPPORTED_PLATFORMS = "iphoneos iphonesimulator macosx";
				SWIFT_APPROACHABLE_CONCURRENCY = YES;
				SWIFT_DEFAULT_ACTOR_ISOLATION = MainActor;
				SWIFT_EMIT_LOC_STRINGS = YES;
				SWIFT_UPCOMING_FEATURE_MEMBER_IMPORT_VISIBILITY = YES;
				SWIFT_VERSION = 5.0;
				TARGETED_DEVICE_FAMILY = 2;
			};
			name = Debug;
		};
		D32ED71D2F8B8CB000B6A9BA /* Release */ = {
			isa = XCBuildConfiguration;
			baseConfigurationReference = D32ED7242F8B8CB000B6A9BA /* Consolation/Version.xcconfig */;
			buildSettings = {
				ASSETCATALOG_COMPILER_APPICON_NAME = AppIcon;
				ASSETCATALOG_COMPILER_GLOBAL_ACCENT_COLOR_NAME = AccentColor;
				CODE_SIGN_STYLE = Automatic;
				DEVELOPMENT_TEAM = 86G4NP75W9;
				ENABLE_APP_SANDBOX = YES;
				ENABLE_HARDENED_RUNTIME = YES;
				ENABLE_INCOMING_NETWORK_CONNECTIONS = NO;
				ENABLE_OUTGOING_NETWORK_CONNECTIONS = NO;
				ENABLE_PREVIEWS = YES;
				ENABLE_RESOURCE_ACCESS_AUDIO_INPUT = YES;
				ENABLE_RESOURCE_ACCESS_BLUETOOTH = NO;
				ENABLE_RESOURCE_ACCESS_CALENDARS = NO;
				ENABLE_RESOURCE_ACCESS_CAMERA = YES;
				ENABLE_RESOURCE_ACCESS_CONTACTS = NO;
				ENABLE_RESOURCE_ACCESS_LOCATION = NO;
				ENABLE_RESOURCE_ACCESS_PRINTING = NO;
				ENABLE_RESOURCE_ACCESS_USB = NO;
				ENABLE_USER_SELECTED_FILES = readonly;
				GENERATE_INFOPLIST_FILE = YES;
				INFOPLIST_KEY_NSCameraUsageDescription = "Consolation needs camera access to show the live video feed from a connected capture device.";
				INFOPLIST_KEY_NSMicrophoneUsageDescription = "Consolation needs microphone access to play live audio from a connected capture device.";
				"INFOPLIST_KEY_UIApplicationSceneManifest_Generation[sdk=iphoneos*]" = YES;
				"INFOPLIST_KEY_UIApplicationSceneManifest_Generation[sdk=iphonesimulator*]" = YES;
				"INFOPLIST_KEY_UIApplicationSupportsIndirectInputEvents[sdk=iphoneos*]" = YES;
				"INFOPLIST_KEY_UIApplicationSupportsIndirectInputEvents[sdk=iphonesimulator*]" = YES;
				"INFOPLIST_KEY_UIApplicationSupportsMultipleScenes[sdk=iphoneos*]" = NO;
				"INFOPLIST_KEY_UIApplicationSupportsMultipleScenes[sdk=iphonesimulator*]" = NO;
				"INFOPLIST_KEY_UILaunchScreen_Generation[sdk=iphoneos*]" = YES;
				"INFOPLIST_KEY_UILaunchScreen_Generation[sdk=iphonesimulator*]" = YES;
				"INFOPLIST_KEY_UIStatusBarStyle[sdk=iphoneos*]" = UIStatusBarStyleDefault;
				"INFOPLIST_KEY_UIStatusBarStyle[sdk=iphonesimulator*]" = UIStatusBarStyleDefault;
				INFOPLIST_KEY_UISupportedInterfaceOrientations_iPad = "UIInterfaceOrientationPortrait UIInterfaceOrientationPortraitUpsideDown UIInterfaceOrientationLandscapeLeft UIInterfaceOrientationLandscapeRight";
				INFOPLIST_KEY_UISupportedInterfaceOrientations_iPhone = "UIInterfaceOrientationPortrait UIInterfaceOrientationLandscapeLeft UIInterfaceOrientationLandscapeRight";
				"INFOPLIST_KEY_UIDeviceFamily[sdk=iphoneos*]" = 2;
				"INFOPLIST_KEY_UIDeviceFamily[sdk=iphonesimulator*]" = 2;
				IPHONEOS_DEPLOYMENT_TARGET = 26.4;
				LD_RUNPATH_SEARCH_PATHS = "@executable_path/Frameworks";
				"LD_RUNPATH_SEARCH_PATHS[sdk=macosx*]" = "@executable_path/../Frameworks";
				MACOSX_DEPLOYMENT_TARGET = 26.4;
				PRODUCT_BUNDLE_IDENTIFIER = org.centennialoss.consolation;
				PRODUCT_NAME = "$(TARGET_NAME)";
				REGISTER_APP_GROUPS = YES;
				SDKROOT = auto;
				STRING_CATALOG_GENERATE_SYMBOLS = YES;
				SUPPORTED_PLATFORMS = "iphoneos iphonesimulator macosx";
				SWIFT_APPROACHABLE_CONCURRENCY = YES;
				SWIFT_DEFAULT_ACTOR_ISOLATION = MainActor;
				SWIFT_EMIT_LOC_STRINGS = YES;
				SWIFT_UPCOMING_FEATURE_MEMBER_IMPORT_VISIBILITY = YES;
				SWIFT_VERSION = 5.0;
				TARGETED_DEVICE_FAMILY = 2;
			};
			name = Release;
		};
		D32ED71F2F8B8CB000B6A9BA /* Debug */ = {
			isa = XCBuildConfiguration;
			buildSettings = {
				BUNDLE_LOADER = "$(TEST_HOST)";
				CODE_SIGN_STYLE = Automatic;
				CURRENT_PROJECT_VERSION = 1;
				DEVELOPMENT_TEAM = 86G4NP75W9;
				GENERATE_INFOPLIST_FILE = YES;
				IPHONEOS_DEPLOYMENT_TARGET = 26.4;
				MACOSX_DEPLOYMENT_TARGET = 26.4;
				MARKETING_VERSION = 1.0;
				PRODUCT_BUNDLE_IDENTIFIER = org.centennialoss.ConsolationTests;
				PRODUCT_NAME = "$(TARGET_NAME)";
				SDKROOT = auto;
				STRING_CATALOG_GENERATE_SYMBOLS = NO;
				SUPPORTED_PLATFORMS = "iphoneos iphonesimulator macosx";
				SWIFT_APPROACHABLE_CONCURRENCY = YES;
				SWIFT_EMIT_LOC_STRINGS = NO;
				SWIFT_UPCOMING_FEATURE_MEMBER_IMPORT_VISIBILITY = YES;
				SWIFT_VERSION = 5.0;
				TARGETED_DEVICE_FAMILY = 2;
				TEST_HOST = "$(BUILT_PRODUCTS_DIR)/Consolation.app/$(BUNDLE_EXECUTABLE_FOLDER_PATH)/Consolation";
			};
			name = Debug;
		};
		D32ED7202F8B8CB000B6A9BA /* Release */ = {
			isa = XCBuildConfiguration;
			buildSettings = {
				BUNDLE_LOADER = "$(TEST_HOST)";
				CODE_SIGN_STYLE = Automatic;
				CURRENT_PROJECT_VERSION = 1;
				DEVELOPMENT_TEAM = 86G4NP75W9;
				GENERATE_INFOPLIST_FILE = YES;
				IPHONEOS_DEPLOYMENT_TARGET = 26.4;
				MACOSX_DEPLOYMENT_TARGET = 26.4;
				MARKETING_VERSION = 1.0;
				PRODUCT_BUNDLE_IDENTIFIER = org.centennialoss.ConsolationTests;
				PRODUCT_NAME = "$(TARGET_NAME)";
				SDKROOT = auto;
				STRING_CATALOG_GENERATE_SYMBOLS = NO;
				SUPPORTED_PLATFORMS = "iphoneos iphonesimulator macosx";
				SWIFT_APPROACHABLE_CONCURRENCY = YES;
				SWIFT_EMIT_LOC_STRINGS = NO;
				SWIFT_UPCOMING_FEATURE_MEMBER_IMPORT_VISIBILITY = YES;
				SWIFT_VERSION = 5.0;
				TARGETED_DEVICE_FAMILY = 2;
				TEST_HOST = "$(BUILT_PRODUCTS_DIR)/Consolation.app/$(BUNDLE_EXECUTABLE_FOLDER_PATH)/Consolation";
			};
			name = Release;
		};
		D32ED7222F8B8CB000B6A9BA /* Debug */ = {
			isa = XCBuildConfiguration;
			buildSettings = {
				CODE_SIGN_STYLE = Automatic;
				CURRENT_PROJECT_VERSION = 1;
				DEVELOPMENT_TEAM = 86G4NP75W9;
				GENERATE_INFOPLIST_FILE = YES;
				IPHONEOS_DEPLOYMENT_TARGET = 26.4;
				MACOSX_DEPLOYMENT_TARGET = 26.4;
				MARKETING_VERSION = 1.0;
				PRODUCT_BUNDLE_IDENTIFIER = org.centennialoss.ConsolationUITests;
				PRODUCT_NAME = "$(TARGET_NAME)";
				SDKROOT = auto;
				STRING_CATALOG_GENERATE_SYMBOLS = NO;
				SUPPORTED_PLATFORMS = "iphoneos iphonesimulator macosx";
				SWIFT_APPROACHABLE_CONCURRENCY = YES;
				SWIFT_EMIT_LOC_STRINGS = NO;
				SWIFT_UPCOMING_FEATURE_MEMBER_IMPORT_VISIBILITY = YES;
				SWIFT_VERSION = 5.0;
				TARGETED_DEVICE_FAMILY = 2;
				TEST_TARGET_NAME = Consolation;
			};
			name = Debug;
		};
		D32ED7232F8B8CB000B6A9BA /* Release */ = {
			isa = XCBuildConfiguration;
			buildSettings = {
				CODE_SIGN_STYLE = Automatic;
				CURRENT_PROJECT_VERSION = 1;
				DEVELOPMENT_TEAM = 86G4NP75W9;
				GENERATE_INFOPLIST_FILE = YES;
				IPHONEOS_DEPLOYMENT_TARGET = 26.4;
				MACOSX_DEPLOYMENT_TARGET = 26.4;
				MARKETING_VERSION = 1.0;
				PRODUCT_BUNDLE_IDENTIFIER = org.centennialoss.ConsolationUITests;
				PRODUCT_NAME = "$(TARGET_NAME)";
				SDKROOT = auto;
				STRING_CATALOG_GENERATE_SYMBOLS = NO;
				SUPPORTED_PLATFORMS = "iphoneos iphonesimulator macosx";
				SWIFT_APPROACHABLE_CONCURRENCY = YES;
				SWIFT_EMIT_LOC_STRINGS = NO;
				SWIFT_UPCOMING_FEATURE_MEMBER_IMPORT_VISIBILITY = YES;
				SWIFT_VERSION = 5.0;
				TARGETED_DEVICE_FAMILY = 2;
				TEST_TARGET_NAME = Consolation;
			};
			name = Release;
		};
/* End XCBuildConfiguration section */

/* Begin XCConfigurationList section */
		D32ED6F52F8B8CAF00B6A9BA /* Build configuration list for PBXProject "Consolation" */ = {
			isa = XCConfigurationList;
			buildConfigurations = (
				D32ED7192F8B8CB000B6A9BA /* Debug */,
				D32ED71A2F8B8CB000B6A9BA /* Release */,
			);
			defaultConfigurationIsVisible = 0;
			defaultConfigurationName = Release;
		};
		D32ED71B2F8B8CB000B6A9BA /* Build configuration list for PBXNativeTarget "Consolation" */ = {
			isa = XCConfigurationList;
			buildConfigurations = (
				D32ED71C2F8B8CB000B6A9BA /* Debug */,
				D32ED71D2F8B8CB000B6A9BA /* Release */,
			);
			defaultConfigurationIsVisible = 0;
			defaultConfigurationName = Release;
		};
		D32ED71E2F8B8CB000B6A9BA /* Build configuration list for PBXNativeTarget "ConsolationTests" */ = {
			isa = XCConfigurationList;
			buildConfigurations = (
				D32ED71F2F8B8CB000B6A9BA /* Debug */,
				D32ED7202F8B8CB000B6A9BA /* Release */,
			);
			defaultConfigurationIsVisible = 0;
			defaultConfigurationName = Release;
		};
		D32ED7212F8B8CB000B6A9BA /* Build configuration list for PBXNativeTarget "ConsolationUITests" */ = {
			isa = XCConfigurationList;
			buildConfigurations = (
				D32ED7222F8B8CB000B6A9BA /* Debug */,
				D32ED7232F8B8CB000B6A9BA /* Release */,
			);
			defaultConfigurationIsVisible = 0;
			defaultConfigurationName = Release;
		};
/* End XCConfigurationList section */
	};
	rootObject = D32ED6F22F8B8CAF00B6A9BA /* Project object */;
}
